%{
  "protobuf": {:hex, :protobuf, "0.14.0", "75b64b8c1f0c833b5e76cd841d3448f077f655c2a2eed53358651fbfe4a6b70e", [:mix], [{:jason, "~> 1.2", [hex: :jason, repo: "hexpm", optional: true]}], "hexpm", "0f747eaa54ace9617536f1cb4b2a4962bc7e43f1aa475c6fa9c60079955c4cb0"},
  "recase": {:hex, :recase, "0.7.0", "3f2f719f0886c7a3b7fe469058ec539cb7bbe0023604ae3bce920e186305e5ae", [:mix], [], "hexpm", "36f5756a9f552f4a94b54a695870e32f4e72d5fad9c25e61bc4a3151c08a4e0c"},
}
